// !$*UTF8*$!
{
	archiveVersion = 1;
	classes = {
	};
	objectVersion = 56;
	objects = {

/* Begin PBXBuildFile section */
		960D59E42A45A9F50007DA7B /* AppDelegate.swift in Sources */ = {isa = PBXBuildFile; fileRef = 960D59E32A45A9F50007DA7B /* AppDelegate.swift */; };
		960D59E62A45A9F50007DA7B /* SceneDelegate.swift in Sources */ = {isa = PBXBuildFile; fileRef = 960D59E52A45A9F50007DA7B /* SceneDelegate.swift */; };
		960D59EB2A45A9F50007DA7B /* Main.storyboard in Resources */ = {isa = PBXBuildFile; fileRef = 960D59E92A45A9F50007DA7B /* Main.storyboard */; };
		960D59ED2A45A9F70007DA7B /* Assets.xcassets in Resources */ = {isa = PBXBuildFile; fileRef = 960D59EC2A45A9F70007DA7B /* Assets.xcassets */; };
		960D59F02A45A9F70007DA7B /* LaunchScreen.storyboard in Resources */ = {isa = PBXBuildFile; fileRef = 960D59EE2A45A9F70007DA7B /* LaunchScreen.storyboard */; };
		960D59F82A46046C0007DA7B /* MyMovieListVC.swift in Sources */ = {isa = PBXBuildFile; fileRef = 960D59F72A46046C0007DA7B /* MyMovieListVC.swift */; };
		960D59FF2A4606040007DA7B /* MovieListCollectionViewCell.swift in Sources */ = {isa = PBXBuildFile; fileRef = 960D59FD2A4606040007DA7B /* MovieListCollectionViewCell.swift */; };
		960D5A002A4606040007DA7B /* MovieListCollectionViewCell.xib in Resources */ = {isa = PBXBuildFile; fileRef = 960D59FE2A4606040007DA7B /* MovieListCollectionViewCell.xib */; };
		960D5A022A461AC40007DA7B /* Constants.swift in Sources */ = {isa = PBXBuildFile; fileRef = 960D5A012A461AC40007DA7B /* Constants.swift */; };
		960D5A052A461F6E0007DA7B /* MovieListViewModel.swift in Sources */ = {isa = PBXBuildFile; fileRef = 960D5A042A461F6E0007DA7B /* MovieListViewModel.swift */; };
		960D5A082A461F8E0007DA7B /* Movie.swift in Sources */ = {isa = PBXBuildFile; fileRef = 960D5A072A461F8E0007DA7B /* Movie.swift */; };
		960D5A0A2A461FAE0007DA7B /* APIResults.swift in Sources */ = {isa = PBXBuildFile; fileRef = 960D5A092A461FAE0007DA7B /* APIResults.swift */; };
		960D5A0C2A461FC30007DA7B /* MovieDetailsResults.swift in Sources */ = {isa = PBXBuildFile; fileRef = 960D5A0B2A461FC30007DA7B /* MovieDetailsResults.swift */; };
		960D5A122A4620460007DA7B /* API.swift in Sources */ = {isa = PBXBuildFile; fileRef = 960D5A112A4620460007DA7B /* API.swift */; };
		960D5A162A4627920007DA7B /* Genre.swift in Sources */ = {isa = PBXBuildFile; fileRef = 960D5A152A4627920007DA7B /* Genre.swift */; };
		960D5A192A4647A60007DA7B /* Kingfisher in Frameworks */ = {isa = PBXBuildFile; productRef = 960D5A182A4647A60007DA7B /* Kingfisher */; };
/* End PBXBuildFile section */

/* Begin PBXFileReference section */
		960D59E02A45A9F50007DA7B /* MyMovie.app */ = {isa = PBXFileReference; explicitFileType = wrapper.application; includeInIndex = 0; path = MyMovie.app; sourceTree = BUILT_PRODUCTS_DIR; };
		960D59E32A45A9F50007DA7B /* AppDelegate.swift */ = {isa = PBXFileReference; lastKnownFileType = sourcecode.swift; path = AppDelegate.swift; sourceTree = "<group>"; };
		960D59E52A45A9F50007DA7B /* SceneDelegate.swift */ = {isa = PBXFileReference; lastKnownFileType = sourcecode.swift; path = SceneDelegate.swift; sourceTree = "<group>"; };
		960D59EA2A45A9F50007DA7B /* Base */ = {isa = PBXFileReference; lastKnownFileType = file.storyboard; name = Base; path = Base.lproj/Main.storyboard; sourceTree = "<group>"; };
		960D59EC2A45A9F70007DA7B /* Assets.xcassets */ = {isa = PBXFileReference; lastKnownFileType = folder.assetcatalog; path = Assets.xcassets; sourceTree = "<group>"; };
		960D59EF2A45A9F70007DA7B /* Base */ = {isa = PBXFileReference; lastKnownFileType = file.storyboard; name = Base; path = Base.lproj/LaunchScreen.storyboard; sourceTree = "<group>"; };
		960D59F12A45A9F70007DA7B /* Info.plist */ = {isa = PBXFileReference; lastKnownFileType = text.plist.xml; path = Info.plist; sourceTree = "<group>"; };
		960D59F72A46046C0007DA7B /* MyMovieListVC.swift */ = {isa = PBXFileReference; lastKnownFileType = sourcecode.swift; path = MyMovieListVC.swift; sourceTree = "<group>"; };
		960D59FD2A4606040007DA7B /* MovieListCollectionViewCell.swift */ = {isa = PBXFileReference; lastKnownFileType = sourcecode.swift; path = MovieListCollectionViewCell.swift; sourceTree = "<group>"; };
		960D59FE2A4606040007DA7B /* MovieListCollectionViewCell.xib */ = {isa = PBXFileReference; lastKnownFileType = file.xib; path = MovieListCollectionViewCell.xib; sourceTree = "<group>"; };
		960D5A012A461AC40007DA7B /* Constants.swift */ = {isa = PBXFileReference; lastKnownFileType = sourcecode.swift; path = Constants.swift; sourceTree = "<group>"; };
		960D5A042A461F6E0007DA7B /* MovieListViewModel.swift */ = {isa = PBXFileReference; lastKnownFileType = sourcecode.swift; path = MovieListViewModel.swift; sourceTree = "<group>"; };
		960D5A072A461F8E0007DA7B /* Movie.swift */ = {isa = PBXFileReference; lastKnownFileType = sourcecode.swift; path = Movie.swift; sourceTree = "<group>"; };
		960D5A092A461FAE0007DA7B /* APIResults.swift */ = {isa = PBXFileReference; lastKnownFileType = sourcecode.swift; path = APIResults.swift; sourceTree = "<group>"; };
		960D5A0B2A461FC30007DA7B /* MovieDetailsResults.swift */ = {isa = PBXFileReference; lastKnownFileType = sourcecode.swift; path = MovieDetailsResults.swift; sourceTree = "<group>"; };
		960D5A112A4620460007DA7B /* API.swift */ = {isa = PBXFileReference; lastKnownFileType = sourcecode.swift; path = API.swift; sourceTree = "<group>"; };
		960D5A152A4627920007DA7B /* Genre.swift */ = {isa = PBXFileReference; lastKnownFileType = sourcecode.swift; path = Genre.swift; sourceTree = "<group>"; };
/* End PBXFileReference section */

/* Begin PBXFrameworksBuildPhase section */
		960D59DD2A45A9F50007DA7B /* Frameworks */ = {
			isa = PBXFrameworksBuildPhase;
			buildActionMask = 2147483647;
			files = (
				960D5A192A4647A60007DA7B /* Kingfisher in Frameworks */,
			);
			runOnlyForDeploymentPostprocessing = 0;
		};
/* End PBXFrameworksBuildPhase section */

/* Begin PBXGroup section */
		960D59D72A45A9F50007DA7B = {
			isa = PBXGroup;
			children = (
				960D59E22A45A9F50007DA7B /* MyMovie */,
				960D59E12A45A9F50007DA7B /* Products */,
			);
			sourceTree = "<group>";
		};
		960D59E12A45A9F50007DA7B /* Products */ = {
			isa = PBXGroup;
			children = (
				960D59E02A45A9F50007DA7B /* MyMovie.app */,
			);
			name = Products;
			sourceTree = "<group>";
		};
		960D59E22A45A9F50007DA7B /* MyMovie */ = {
			isa = PBXGroup;
			children = (
				960D5A142A46206E0007DA7B /* Supportings */,
				960D5A132A4620530007DA7B /* Resources */,
				960D5A102A46203A0007DA7B /* Network */,
				960D5A0E2A461FF40007DA7B /* Views */,
				960D5A0D2A461FCA0007DA7B /* Controllers */,
				960D5A062A461F790007DA7B /* Model */,
				960D5A032A461F450007DA7B /* ViewModel */,
			);
			path = MyMovie;
			sourceTree = "<group>";
		};
		960D5A032A461F450007DA7B /* ViewModel */ = {
			isa = PBXGroup;
			children = (
				960D5A042A461F6E0007DA7B /* MovieListViewModel.swift */,
			);
			path = ViewModel;
			sourceTree = "<group>";
		};
		960D5A062A461F790007DA7B /* Model */ = {
			isa = PBXGroup;
			children = (
				960D5A072A461F8E0007DA7B /* Movie.swift */,
				960D5A092A461FAE0007DA7B /* APIResults.swift */,
				960D5A0B2A461FC30007DA7B /* MovieDetailsResults.swift */,
				960D5A152A4627920007DA7B /* Genre.swift */,
			);
			path = Model;
			sourceTree = "<group>";
		};
		960D5A0D2A461FCA0007DA7B /* Controllers */ = {
			isa = PBXGroup;
			children = (
				960D59F72A46046C0007DA7B /* MyMovieListVC.swift */,
			);
			path = Controllers;
			sourceTree = "<group>";
		};
		960D5A0E2A461FF40007DA7B /* Views */ = {
			isa = PBXGroup;
			children = (
				960D59FD2A4606040007DA7B /* MovieListCollectionViewCell.swift */,
				960D59FE2A4606040007DA7B /* MovieListCollectionViewCell.xib */,
				960D5A0F2A4620150007DA7B /* Storyboards */,
			);
			path = Views;
			sourceTree = "<group>";
		};
		960D5A0F2A4620150007DA7B /* Storyboards */ = {
			isa = PBXGroup;
			children = (
				960D59E92A45A9F50007DA7B /* Main.storyboard */,
				960D59EE2A45A9F70007DA7B /* LaunchScreen.storyboard */,
			);
			path = Storyboards;
			sourceTree = "<group>";
		};
		960D5A102A46203A0007DA7B /* Network */ = {
			isa = PBXGroup;
			children = (
				960D5A112A4620460007DA7B /* API.swift */,
				960D5A012A461AC40007DA7B /* Constants.swift */,
			);
			path = Network;
			sourceTree = "<group>";
		};
		960D5A132A4620530007DA7B /* Resources */ = {
			isa = PBXGroup;
			children = (
				960D59E32A45A9F50007DA7B /* AppDelegate.swift */,
				960D59E52A45A9F50007DA7B /* SceneDelegate.swift */,
				960D59EC2A45A9F70007DA7B /* Assets.xcassets */,
			);
			path = Resources;
			sourceTree = "<group>";
		};
		960D5A142A46206E0007DA7B /* Supportings */ = {
			isa = PBXGroup;
			children = (
				960D59F12A45A9F70007DA7B /* Info.plist */,
			);
			path = Supportings;
			sourceTree = "<group>";
		};
/* End PBXGroup section */

/* Begin PBXNativeTarget section */
		960D59DF2A45A9F50007DA7B /* MyMovie */ = {
			isa = PBXNativeTarget;
			buildConfigurationList = 960D59F42A45A9F70007DA7B /* Build configuration list for PBXNativeTarget "MyMovie" */;
			buildPhases = (
				960D59DC2A45A9F50007DA7B /* Sources */,
				960D59DD2A45A9F50007DA7B /* Frameworks */,
				960D59DE2A45A9F50007DA7B /* Resources */,
			);
			buildRules = (
			);
			dependencies = (
			);
			name = MyMovie;
			packageProductDependencies = (
				960D5A182A4647A60007DA7B /* Kingfisher */,
			);
			productName = MyMovie;
			productReference = 960D59E02A45A9F50007DA7B /* MyMovie.app */;
			productType = "com.apple.product-type.application";
		};
/* End PBXNativeTarget section */

/* Begin PBXProject section */
		960D59D82A45A9F50007DA7B /* Project object */ = {
			isa = PBXProject;
			attributes = {
				BuildIndependentTargetsInParallel = 1;
				LastSwiftUpdateCheck = 1430;
				LastUpgradeCheck = 1430;
				TargetAttributes = {
					960D59DF2A45A9F50007DA7B = {
						CreatedOnToolsVersion = 14.3;
					};
				};
			};
			buildConfigurationList = 960D59DB2A45A9F50007DA7B /* Build configuration list for PBXProject "MyMovie" */;
			compatibilityVersion = "Xcode 14.0";
			developmentRegion = en;
			hasScannedForEncodings = 0;
			knownRegions = (
				en,
				Base,
			);
			mainGroup = 960D59D72A45A9F50007DA7B;
			packageReferences = (
				960D5A172A4647A50007DA7B /* XCRemoteSwiftPackageReference "Kingfisher" */,
			);
			productRefGroup = 960D59E12A45A9F50007DA7B /* Products */;
			projectDirPath = "";
			projectRoot = "";
			targets = (
				960D59DF2A45A9F50007DA7B /* MyMovie */,
			);
		};
/* End PBXProject section */

/* Begin PBXResourcesBuildPhase section */
		960D59DE2A45A9F50007DA7B /* Resources */ = {
			isa = PBXResourcesBuildPhase;
			buildActionMask = 2147483647;
			files = (
				960D59F02A45A9F70007DA7B /* LaunchScreen.storyboard in Resources */,
				960D59ED2A45A9F70007DA7B /* Assets.xcassets in Resources */,
				960D59EB2A45A9F50007DA7B /* Main.storyboard in Resources */,
				960D5A002A4606040007DA7B /* MovieListCollectionViewCell.xib in Resources */,
			);
			runOnlyForDeploymentPostprocessing = 0;
		};
/* End PBXResourcesBuildPhase section */

/* Begin PBXSourcesBuildPhase section */
		960D59DC2A45A9F50007DA7B /* Sources */ = {
			isa = PBXSourcesBuildPhase;
			buildActionMask = 2147483647;
			files = (
				960D5A082A461F8E0007DA7B /* Movie.swift in Sources */,
				960D5A022A461AC40007DA7B /* Constants.swift in Sources */,
				960D59E42A45A9F50007DA7B /* AppDelegate.swift in Sources */,
				960D5A162A4627920007DA7B /* Genre.swift in Sources */,
				960D59FF2A4606040007DA7B /* MovieListCollectionViewCell.swift in Sources */,
				960D5A122A4620460007DA7B /* API.swift in Sources */,
				960D59F82A46046C0007DA7B /* MyMovieListVC.swift in Sources */,
				960D59E62A45A9F50007DA7B /* SceneDelegate.swift in Sources */,
				960D5A052A461F6E0007DA7B /* MovieListViewModel.swift in Sources */,
				960D5A0C2A461FC30007DA7B /* MovieDetailsResults.swift in Sources */,
				960D5A0A2A461FAE0007DA7B /* APIResults.swift in Sources */,
			);
			runOnlyForDeploymentPostprocessing = 0;
		};
/* End PBXSourcesBuildPhase section */

/* Begin PBXVariantGroup section */
		960D59E92A45A9F50007DA7B /* Main.storyboard */ = {
			isa = PBXVariantGroup;
			children = (
				960D59EA2A45A9F50007DA7B /* Base */,
			);
			name = Main.storyboard;
			sourceTree = "<group>";
		};
		960D59EE2A45A9F70007DA7B /* LaunchScreen.storyboard */ = {
			isa = PBXVariantGroup;
			children = (
				960D59EF2A45A9F70007DA7B /* Base */,
			);
			name = LaunchScreen.storyboard;
			sourceTree = "<group>";
		};
/* End PBXVariantGroup section */

/* Begin XCBuildConfiguration section */
		960D59F22A45A9F70007DA7B /* Debug */ = {
			isa = XCBuildConfiguration;
			buildSettings = {
				ALWAYS_SEARCH_USER_PATHS = NO;
				CLANG_ANALYZER_NONNULL = YES;
				CLANG_ANALYZER_NUMBER_OBJECT_CONVERSION = YES_AGGRESSIVE;
				CLANG_CXX_LANGUAGE_STANDARD = "gnu++20";
				CLANG_ENABLE_MODULES = YES;
				CLANG_ENABLE_OBJC_ARC = YES;
				CLANG_ENABLE_OBJC_WEAK = YES;
				CLANG_WARN_BLOCK_CAPTURE_AUTORELEASING = YES;
				CLANG_WARN_BOOL_CONVERSION = YES;
				CLANG_WARN_COMMA = YES;
				CLANG_WARN_CONSTANT_CONVERSION = YES;
				CLANG_WARN_DEPRECATED_OBJC_IMPLEMENTATIONS = YES;
				CLANG_WARN_DIRECT_OBJC_ISA_USAGE = YES_ERROR;
				CLANG_WARN_DOCUMENTATION_COMMENTS = YES;
				CLANG_WARN_EMPTY_BODY = YES;
				CLANG_WARN_ENUM_CONVERSION = YES;
				CLANG_WARN_INFINITE_RECURSION = YES;
				CLANG_WARN_INT_CONVERSION = YES;
				CLANG_WARN_NON_LITERAL_NULL_CONVERSION = YES;
				CLANG_WARN_OBJC_IMPLICIT_RETAIN_SELF = YES;
				CLANG_WARN_OBJC_LITERAL_CONVERSION = YES;
				CLANG_WARN_OBJC_ROOT_CLASS = YES_ERROR;
				CLANG_WARN_QUOTED_INCLUDE_IN_FRAMEWORK_HEADER = YES;
				CLANG_WARN_RANGE_LOOP_ANALYSIS = YES;
				CLANG_WARN_STRICT_PROTOTYPES = YES;
				CLANG_WARN_SUSPICIOUS_MOVE = YES;
				CLANG_WARN_UNGUARDED_AVAILABILITY = YES_AGGRESSIVE;
				CLANG_WARN_UNREACHABLE_CODE = YES;
				CLANG_WARN__DUPLICATE_METHOD_MATCH = YES;
				COPY_PHASE_STRIP = NO;
				DEBUG_INFORMATION_FORMAT = dwarf;
				ENABLE_STRICT_OBJC_MSGSEND = YES;
				ENABLE_TESTABILITY = YES;
				GCC_C_LANGUAGE_STANDARD = gnu11;
				GCC_DYNAMIC_NO_PIC = NO;
				GCC_NO_COMMON_BLOCKS = YES;
				GCC_OPTIMIZATION_LEVEL = 0;
				GCC_PREPROCESSOR_DEFINITIONS = (
					"DEBUG=1",
					"$(inherited)",
				);
				GCC_WARN_64_TO_32_BIT_CONVERSION = YES;
				GCC_WARN_ABOUT_RETURN_TYPE = YES_ERROR;
				GCC_WARN_UNDECLARED_SELECTOR = YES;
				GCC_WARN_UNINITIALIZED_AUTOS = YES_AGGRESSIVE;
				GCC_WARN_UNUSED_FUNCTION = YES;
				GCC_WARN_UNUSED_VARIABLE = YES;
				IPHONEOS_DEPLOYMENT_TARGET = 16.4;
				MTL_ENABLE_DEBUG_INFO = INCLUDE_SOURCE;
				MTL_FAST_MATH = YES;
				ONLY_ACTIVE_ARCH = YES;
				SDKROOT = iphoneos;
				SWIFT_ACTIVE_COMPILATION_CONDITIONS = DEBUG;
				SWIFT_OPTIMIZATION_LEVEL = "-Onone";
			};
			name = Debug;
		};
		960D59F32A45A9F70007DA7B /* Release */ = {
			isa = XCBuildConfiguration;
			buildSettings = {
				ALWAYS_SEARCH_USER_PATHS = NO;
				CLANG_ANALYZER_NONNULL = YES;
				CLANG_ANALYZER_NUMBER_OBJECT_CONVERSION = YES_AGGRESSIVE;
				CLANG_CXX_LANGUAGE_STANDARD = "gnu++20";
				CLANG_ENABLE_MODULES = YES;
				CLANG_ENABLE_OBJC_ARC = YES;
				CLANG_ENABLE_OBJC_WEAK = YES;
				CLANG_WARN_BLOCK_CAPTURE_AUTORELEASING = YES;
				CLANG_WARN_BOOL_CONVERSION = YES;
				CLANG_WARN_COMMA = YES;
				CLANG_WARN_CONSTANT_CONVERSION = YES;
				CLANG_WARN_DEPRECATED_OBJC_IMPLEMENTATIONS = YES;
				CLANG_WARN_DIRECT_OBJC_ISA_USAGE = YES_ERROR;
				CLANG_WARN_DOCUMENTATION_COMMENTS = YES;
				CLANG_WARN_EMPTY_BODY = YES;
				CLANG_WARN_ENUM_CONVERSION = YES;
				CLANG_WARN_INFINITE_RECURSION = YES;
				CLANG_WARN_INT_CONVERSION = YES;
				CLANG_WARN_NON_LITERAL_NULL_CONVERSION = YES;
				CLANG_WARN_OBJC_IMPLICIT_RETAIN_SELF = YES;
				CLANG_WARN_OBJC_LITERAL_CONVERSION = YES;
				CLANG_WARN_OBJC_ROOT_CLASS = YES_ERROR;
				CLANG_WARN_QUOTED_INCLUDE_IN_FRAMEWORK_HEADER = YES;
				CLANG_WARN_RANGE_LOOP_ANALYSIS = YES;
				CLANG_WARN_STRICT_PROTOTYPES = YES;
				CLANG_WARN_SUSPICIOUS_MOVE = YES;
				CLANG_WARN_UNGUARDED_AVAILABILITY = YES_AGGRESSIVE;
				CLANG_WARN_UNREACHABLE_CODE = YES;
				CLANG_WARN__DUPLICATE_METHOD_MATCH = YES;
				COPY_PHASE_STRIP = NO;
				DEBUG_INFORMATION_FORMAT = "dwarf-with-dsym";
				ENABLE_NS_ASSERTIONS = NO;
				ENABLE_STRICT_OBJC_MSGSEND = YES;
				GCC_C_LANGUAGE_STANDARD = gnu11;
				GCC_NO_COMMON_BLOCKS = YES;
				GCC_WARN_64_TO_32_BIT_CONVERSION = YES;
				GCC_WARN_ABOUT_RETURN_TYPE = YES_ERROR;
				GCC_WARN_UNDECLARED_SELECTOR = YES;
				GCC_WARN_UNINITIALIZED_AUTOS = YES_AGGRESSIVE;
				GCC_WARN_UNUSED_FUNCTION = YES;
				GCC_WARN_UNUSED_VARIABLE = YES;
				IPHONEOS_DEPLOYMENT_TARGET = 16.4;
				MTL_ENABLE_DEBUG_INFO = NO;
				MTL_FAST_MATH = YES;
				SDKROOT = iphoneos;
				SWIFT_COMPILATION_MODE = wholemodule;
				SWIFT_OPTIMIZATION_LEVEL = "-O";
				VALIDATE_PRODUCT = YES;
			};
			name = Release;
		};
		960D59F52A45A9F70007DA7B /* Debug */ = {
			isa = XCBuildConfiguration;
			buildSettings = {
				ASSETCATALOG_COMPILER_APPICON_NAME = AppIcon;
				ASSETCATALOG_COMPILER_GLOBAL_ACCENT_COLOR_NAME = AccentColor;
				CODE_SIGN_STYLE = Automatic;
				CURRENT_PROJECT_VERSION = 1;
				GENERATE_INFOPLIST_FILE = YES;
				INFOPLIST_FILE = MyMovie/Supportings/Info.plist;
				INFOPLIST_KEY_UIApplicationSupportsIndirectInputEvents = YES;
				INFOPLIST_KEY_UILaunchStoryboardName = LaunchScreen;
				INFOPLIST_KEY_UIMainStoryboardFile = Main;
				INFOPLIST_KEY_UISupportedInterfaceOrientations_iPad = "UIInterfaceOrientationPortrait UIInterfaceOrientationPortraitUpsideDown UIInterfaceOrientationLandscapeLeft UIInterfaceOrientationLandscapeRight";
				INFOPLIST_KEY_UISupportedInterfaceOrientations_iPhone = "UIInterfaceOrientationPortrait UIInterfaceOrientationLandscapeLeft UIInterfaceOrientationLandscapeRight";
				LD_RUNPATH_SEARCH_PATHS = (
					"$(inherited)",
					"@executable_path/Frameworks",
				);
				MARKETING_VERSION = 1.0;
				PRODUCT_BUNDLE_IDENTIFIER = haripriya.MyMovie;
				PRODUCT_NAME = "$(TARGET_NAME)";
				SWIFT_EMIT_LOC_STRINGS = YES;
				SWIFT_VERSION = 5.0;
				TARGETED_DEVICE_FAMILY = "1,2";
			};
			name = Debug;
		};
		960D59F62A45A9F70007DA7B /* Release */ = {
			isa = XCBuildConfiguration;
			buildSettings = {
				ASSETCATALOG_COMPILER_APPICON_NAME = AppIcon;
				ASSETCATALOG_COMPILER_GLOBAL_ACCENT_COLOR_NAME = AccentColor;
				CODE_SIGN_STYLE = Automatic;
				CURRENT_PROJECT_VERSION = 1;
				GENERATE_INFOPLIST_FILE = YES;
				INFOPLIST_FILE = MyMovie/Supportings/Info.plist;
				INFOPLIST_KEY_UIApplicationSupportsIndirectInputEvents = YES;
				INFOPLIST_KEY_UILaunchStoryboardName = LaunchScreen;
				INFOPLIST_KEY_UIMainStoryboardFile = Main;
				INFOPLIST_KEY_UISupportedInterfaceOrientations_iPad = "UIInterfaceOrientationPortrait UIInterfaceOrientationPortraitUpsideDown UIInterfaceOrientationLandscapeLeft UIInterfaceOrientationLandscapeRight";
				INFOPLIST_KEY_UISupportedInterfaceOrientations_iPhone = "UIInterfaceOrientationPortrait UIInterfaceOrientationLandscapeLeft UIInterfaceOrientationLandscapeRight";
				LD_RUNPATH_SEARCH_PATHS = (
					"$(inherited)",
					"@executable_path/Frameworks",
				);
				MARKETING_VERSION = 1.0;
				PRODUCT_BUNDLE_IDENTIFIER = haripriya.MyMovie;
				PRODUCT_NAME = "$(TARGET_NAME)";
				SWIFT_EMIT_LOC_STRINGS = YES;
				SWIFT_VERSION = 5.0;
				TARGETED_DEVICE_FAMILY = "1,2";
			};
			name = Release;
		};
/* End XCBuildConfiguration section */

/* Begin XCConfigurationList section */
		960D59DB2A45A9F50007DA7B /* Build configuration list for PBXProject "MyMovie" */ = {
			isa = XCConfigurationList;
			buildConfigurations = (
				960D59F22A45A9F70007DA7B /* Debug */,
				960D59F32A45A9F70007DA7B /* Release */,
			);
			defaultConfigurationIsVisible = 0;
			defaultConfigurationName = Release;
		};
		960D59F42A45A9F70007DA7B /* Build configuration list for PBXNativeTarget "MyMovie" */ = {
			isa = XCConfigurationList;
			buildConfigurations = (
				960D59F52A45A9F70007DA7B /* Debug */,
				960D59F62A45A9F70007DA7B /* Release */,
			);
			defaultConfigurationIsVisible = 0;
			defaultConfigurationName = Release;
		};
/* End XCConfigurationList section */

/* Begin XCRemoteSwiftPackageReference section */
		960D5A172A4647A50007DA7B /* XCRemoteSwiftPackageReference "Kingfisher" */ = {
			isa = XCRemoteSwiftPackageReference;
			repositoryURL = "https://github.com/onevcat/Kingfisher.git";
			requirement = {
				kind = upToNextMajorVersion;
				minimumVersion = 7.0.0;
			};
		};
/* End XCRemoteSwiftPackageReference section */

/* Begin XCSwiftPackageProductDependency section */
		960D5A182A4647A60007DA7B /* Kingfisher */ = {
			isa = XCSwiftPackageProductDependency;
			package = 960D5A172A4647A50007DA7B /* XCRemoteSwiftPackageReference "Kingfisher" */;
			productName = Kingfisher;
		};
/* End XCSwiftPackageProductDependency section */
	};
	rootObject = 960D59D82A45A9F50007DA7B /* Project object */;
}
